// !$*UTF8*$!
{
	archiveVersion = 1;
	classes = {
	};
	objectVersion = 55;
	objects = {

/* Begin PBXBuildFile section */
		847FDA26283EC329000F18A6 /* LaunchScreen.storyboard in Resources */ = {isa = PBXBuildFile; fileRef = 847FDA25283EC329000F18A6 /* LaunchScreen.storyboard */; };
		84FA79B4283D517800AB6B7B /* ToDoOneApp.swift in Sources */ = {isa = PBXBuildFile; fileRef = 84FA79B3283D517800AB6B7B /* ToDoOneApp.swift */; };
		84FA79B6283D517800AB6B7B /* ContentView.swift in Sources */ = {isa = PBXBuildFile; fileRef = 84FA79B5283D517800AB6B7B /* ContentView.swift */; };
		84FA79B8283D517F00AB6B7B /* Assets.xcassets in Resources */ = {isa = PBXBuildFile; fileRef = 84FA79B7283D517F00AB6B7B /* Assets.xcassets */; };
		84FA79BB283D517F00AB6B7B /* Preview Assets.xcassets in Resources */ = {isa = PBXBuildFile; fileRef = 84FA79BA283D517F00AB6B7B /* Preview Assets.xcassets */; };
		84FA79BD283D517F00AB6B7B /* Persistence.swift in Sources */ = {isa = PBXBuildFile; fileRef = 84FA79BC283D517F00AB6B7B /* Persistence.swift */; };
		84FA79C0283D517F00AB6B7B /* ToDoOne.xcdatamodeld in Sources */ = {isa = PBXBuildFile; fileRef = 84FA79BE283D517F00AB6B7B /* ToDoOne.xcdatamodeld */; };
		84FA79CA283D518000AB6B7B /* ToDoOneTests.swift in Sources */ = {isa = PBXBuildFile; fileRef = 84FA79C9283D518000AB6B7B /* ToDoOneTests.swift */; };
		84FA79D4283D518000AB6B7B /* ToDoOneUITests.swift in Sources */ = {isa = PBXBuildFile; fileRef = 84FA79D3283D518000AB6B7B /* ToDoOneUITests.swift */; };
		84FA79D6283D518000AB6B7B /* ToDoOneUITestsLaunchTests.swift in Sources */ = {isa = PBXBuildFile; fileRef = 84FA79D5283D518000AB6B7B /* ToDoOneUITestsLaunchTests.swift */; };
		84FA79E6283D524F00AB6B7B /* ListView.swift in Sources */ = {isa = PBXBuildFile; fileRef = 84FA79E5283D524F00AB6B7B /* ListView.swift */; };
		84FA79EB283D544500AB6B7B /* ListRowView.swift in Sources */ = {isa = PBXBuildFile; fileRef = 84FA79EA283D544500AB6B7B /* ListRowView.swift */; };
		84FA79ED283D560700AB6B7B /* AddItemView.swift in Sources */ = {isa = PBXBuildFile; fileRef = 84FA79EC283D560700AB6B7B /* AddItemView.swift */; };
		84FA79EF283D586E00AB6B7B /* Item.swift in Sources */ = {isa = PBXBuildFile; fileRef = 84FA79EE283D586E00AB6B7B /* Item.swift */; };
		84FA79F1283D5C6900AB6B7B /* ListViewModel.swift in Sources */ = {isa = PBXBuildFile; fileRef = 84FA79F0283D5C6900AB6B7B /* ListViewModel.swift */; };
		84FA79F3283D70E000AB6B7B /* NoItemsView.swift in Sources */ = {isa = PBXBuildFile; fileRef = 84FA79F2283D70E000AB6B7B /* NoItemsView.swift */; };
/* End PBXBuildFile section */

/* Begin PBXContainerItemProxy section */
		84FA79C6283D518000AB6B7B /* PBXContainerItemProxy */ = {
			isa = PBXContainerItemProxy;
			containerPortal = 84FA79A8283D517800AB6B7B /* Project object */;
			proxyType = 1;
			remoteGlobalIDString = 84FA79AF283D517800AB6B7B;
			remoteInfo = ToDoOne;
		};
		84FA79D0283D518000AB6B7B /* PBXContainerItemProxy */ = {
			isa = PBXContainerItemProxy;
			containerPortal = 84FA79A8283D517800AB6B7B /* Project object */;
			proxyType = 1;
			remoteGlobalIDString = 84FA79AF283D517800AB6B7B;
			remoteInfo = ToDoOne;
		};
/* End PBXContainerItemProxy section */

/* Begin PBXFileReference section */
		847FDA25283EC329000F18A6 /* LaunchScreen.storyboard */ = {isa = PBXFileReference; lastKnownFileType = file.storyboard; path = LaunchScreen.storyboard; sourceTree = "<group>"; };
		84FA79B0283D517800AB6B7B /* Do.app */ = {isa = PBXFileReference; explicitFileType = wrapper.application; includeInIndex = 0; path = Do.app; sourceTree = BUILT_PRODUCTS_DIR; };
		84FA79B3283D517800AB6B7B /* ToDoOneApp.swift */ = {isa = PBXFileReference; lastKnownFileType = sourcecode.swift; path = ToDoOneApp.swift; sourceTree = "<group>"; };
		84FA79B5283D517800AB6B7B /* ContentView.swift */ = {isa = PBXFileReference; lastKnownFileType = sourcecode.swift; path = ContentView.swift; sourceTree = "<group>"; };
		84FA79B7283D517F00AB6B7B /* Assets.xcassets */ = {isa = PBXFileReference; lastKnownFileType = folder.assetcatalog; path = Assets.xcassets; sourceTree = "<group>"; };
		84FA79BA283D517F00AB6B7B /* Preview Assets.xcassets */ = {isa = PBXFileReference; lastKnownFileType = folder.assetcatalog; path = "Preview Assets.xcassets"; sourceTree = "<group>"; };
		84FA79BC283D517F00AB6B7B /* Persistence.swift */ = {isa = PBXFileReference; lastKnownFileType = sourcecode.swift; path = Persistence.swift; sourceTree = "<group>"; };
		84FA79BF283D517F00AB6B7B /* ToDoOne.xcdatamodel */ = {isa = PBXFileReference; lastKnownFileType = wrapper.xcdatamodel; path = ToDoOne.xcdatamodel; sourceTree = "<group>"; };
		84FA79C5283D518000AB6B7B /* ToDoOneTests.xctest */ = {isa = PBXFileReference; explicitFileType = wrapper.cfbundle; includeInIndex = 0; path = ToDoOneTests.xctest; sourceTree = BUILT_PRODUCTS_DIR; };
		84FA79C9283D518000AB6B7B /* ToDoOneTests.swift */ = {isa = PBXFileReference; lastKnownFileType = sourcecode.swift; path = ToDoOneTests.swift; sourceTree = "<group>"; };
		84FA79CF283D518000AB6B7B /* ToDoOneUITests.xctest */ = {isa = PBXFileReference; explicitFileType = wrapper.cfbundle; includeInIndex = 0; path = ToDoOneUITests.xctest; sourceTree = BUILT_PRODUCTS_DIR; };
		84FA79D3283D518000AB6B7B /* ToDoOneUITests.swift */ = {isa = PBXFileReference; lastKnownFileType = sourcecode.swift; path = ToDoOneUITests.swift; sourceTree = "<group>"; };
		84FA79D5283D518000AB6B7B /* ToDoOneUITestsLaunchTests.swift */ = {isa = PBXFileReference; lastKnownFileType = sourcecode.swift; path = ToDoOneUITestsLaunchTests.swift; sourceTree = "<group>"; };
		84FA79E5283D524F00AB6B7B /* ListView.swift */ = {isa = PBXFileReference; lastKnownFileType = sourcecode.swift; path = ListView.swift; sourceTree = "<group>"; };
		84FA79EA283D544500AB6B7B /* ListRowView.swift */ = {isa = PBXFileReference; lastKnownFileType = sourcecode.swift; path = ListRowView.swift; sourceTree = "<group>"; };
		84FA79EC283D560700AB6B7B /* AddItemView.swift */ = {isa = PBXFileReference; lastKnownFileType = sourcecode.swift; path = AddItemView.swift; sourceTree = "<group>"; };
		84FA79EE283D586E00AB6B7B /* Item.swift */ = {isa = PBXFileReference; lastKnownFileType = sourcecode.swift; path = Item.swift; sourceTree = "<group>"; };
		84FA79F0283D5C6900AB6B7B /* ListViewModel.swift */ = {isa = PBXFileReference; lastKnownFileType = sourcecode.swift; path = ListViewModel.swift; sourceTree = "<group>"; };
		84FA79F2283D70E000AB6B7B /* NoItemsView.swift */ = {isa = PBXFileReference; lastKnownFileType = sourcecode.swift; path = NoItemsView.swift; sourceTree = "<group>"; };
/* End PBXFileReference section */

/* Begin PBXFrameworksBuildPhase section */
		84FA79AD283D517800AB6B7B /* Frameworks */ = {
			isa = PBXFrameworksBuildPhase;
			buildActionMask = 2147483647;
			files = (
			);
			runOnlyForDeploymentPostprocessing = 0;
		};
		84FA79C2283D518000AB6B7B /* Frameworks */ = {
			isa = PBXFrameworksBuildPhase;
			buildActionMask = 2147483647;
			files = (
			);
			runOnlyForDeploymentPostprocessing = 0;
		};
		84FA79CC283D518000AB6B7B /* Frameworks */ = {
			isa = PBXFrameworksBuildPhase;
			buildActionMask = 2147483647;
			files = (
			);
			runOnlyForDeploymentPostprocessing = 0;
		};
/* End PBXFrameworksBuildPhase section */

/* Begin PBXGroup section */
		84FA79A7283D517800AB6B7B = {
			isa = PBXGroup;
			children = (
				84FA79B2283D517800AB6B7B /* ToDoOne */,
				84FA79C8283D518000AB6B7B /* ToDoOneTests */,
				84FA79D2283D518000AB6B7B /* ToDoOneUITests */,
				84FA79B1283D517800AB6B7B /* Products */,
			);
			sourceTree = "<group>";
		};
		84FA79B1283D517800AB6B7B /* Products */ = {
			isa = PBXGroup;
			children = (
				84FA79B0283D517800AB6B7B /* Do.app */,
				84FA79C5283D518000AB6B7B /* ToDoOneTests.xctest */,
				84FA79CF283D518000AB6B7B /* ToDoOneUITests.xctest */,
			);
			name = Products;
			sourceTree = "<group>";
		};
		84FA79B2283D517800AB6B7B /* ToDoOne */ = {
			isa = PBXGroup;
			children = (
				84FA79E4283D51A400AB6B7B /* Model */,
				84FA79E2283D519400AB6B7B /* View */,
				84FA79E3283D519C00AB6B7B /* ViewModel */,
				84FA79B3283D517800AB6B7B /* ToDoOneApp.swift */,
				84FA79B5283D517800AB6B7B /* ContentView.swift */,
				84FA79B7283D517F00AB6B7B /* Assets.xcassets */,
				847FDA25283EC329000F18A6 /* LaunchScreen.storyboard */,
				84FA79BC283D517F00AB6B7B /* Persistence.swift */,
				84FA79BE283D517F00AB6B7B /* ToDoOne.xcdatamodeld */,
				84FA79B9283D517F00AB6B7B /* Preview Content */,
			);
			path = ToDoOne;
			sourceTree = "<group>";
		};
		84FA79B9283D517F00AB6B7B /* Preview Content */ = {
			isa = PBXGroup;
			children = (
				84FA79BA283D517F00AB6B7B /* Preview Assets.xcassets */,
			);
			path = "Preview Content";
			sourceTree = "<group>";
		};
		84FA79C8283D518000AB6B7B /* ToDoOneTests */ = {
			isa = PBXGroup;
			children = (
				84FA79C9283D518000AB6B7B /* ToDoOneTests.swift */,
			);
			path = ToDoOneTests;
			sourceTree = "<group>";
		};
		84FA79D2283D518000AB6B7B /* ToDoOneUITests */ = {
			isa = PBXGroup;
			children = (
				84FA79D3283D518000AB6B7B /* ToDoOneUITests.swift */,
				84FA79D5283D518000AB6B7B /* ToDoOneUITestsLaunchTests.swift */,
			);
			path = ToDoOneUITests;
			sourceTree = "<group>";
		};
		84FA79E2283D519400AB6B7B /* View */ = {
			isa = PBXGroup;
			children = (
				84FA79E9283D542700AB6B7B /* Main */,
				84FA79E8283D542000AB6B7B /* Detail */,
				84FA79E7283D541800AB6B7B /* Components */,
			);
			path = View;
			sourceTree = "<group>";
		};
		84FA79E3283D519C00AB6B7B /* ViewModel */ = {
			isa = PBXGroup;
			children = (
				84FA79F0283D5C6900AB6B7B /* ListViewModel.swift */,
			);
			path = ViewModel;
			sourceTree = "<group>";
		};
		84FA79E4283D51A400AB6B7B /* Model */ = {
			isa = PBXGroup;
			children = (
				84FA79EE283D586E00AB6B7B /* Item.swift */,
			);
			path = Model;
			sourceTree = "<group>";
		};
		84FA79E7283D541800AB6B7B /* Components */ = {
			isa = PBXGroup;
			children = (
				84FA79EA283D544500AB6B7B /* ListRowView.swift */,
			);
			path = Components;
			sourceTree = "<group>";
		};
		84FA79E8283D542000AB6B7B /* Detail */ = {
			isa = PBXGroup;
			children = (
				84FA79F2283D70E000AB6B7B /* NoItemsView.swift */,
			);
			path = Detail;
			sourceTree = "<group>";
		};
		84FA79E9283D542700AB6B7B /* Main */ = {
			isa = PBXGroup;
			children = (
				84FA79E5283D524F00AB6B7B /* ListView.swift */,
				84FA79EC283D560700AB6B7B /* AddItemView.swift */,
			);
			path = Main;
			sourceTree = "<group>";
		};
/* End PBXGroup section */

/* Begin PBXNativeTarget section */
		84FA79AF283D517800AB6B7B /* ToDoOne */ = {
			isa = PBXNativeTarget;
			buildConfigurationList = 84FA79D9283D518000AB6B7B /* Build configuration list for PBXNativeTarget "ToDoOne" */;
			buildPhases = (
				84FA79AC283D517800AB6B7B /* Sources */,
				84FA79AD283D517800AB6B7B /* Frameworks */,
				84FA79AE283D517800AB6B7B /* Resources */,
			);
			buildRules = (
			);
			dependencies = (
			);
			name = ToDoOne;
			productName = ToDoOne;
			productReference = 84FA79B0283D517800AB6B7B /* Do.app */;
			productType = "com.apple.product-type.application";
		};
		84FA79C4283D518000AB6B7B /* ToDoOneTests */ = {
			isa = PBXNativeTarget;
			buildConfigurationList = 84FA79DC283D518000AB6B7B /* Build configuration list for PBXNativeTarget "ToDoOneTests" */;
			buildPhases = (
				84FA79C1283D518000AB6B7B /* Sources */,
				84FA79C2283D518000AB6B7B /* Frameworks */,
				84FA79C3283D518000AB6B7B /* Resources */,
			);
			buildRules = (
			);
			dependencies = (
				84FA79C7283D518000AB6B7B /* PBXTargetDependency */,
			);
			name = ToDoOneTests;
			productName = ToDoOneTests;
			productReference = 84FA79C5283D518000AB6B7B /* ToDoOneTests.xctest */;
			productType = "com.apple.product-type.bundle.unit-test";
		};
		84FA79CE283D518000AB6B7B /* ToDoOneUITests */ = {
			isa = PBXNativeTarget;
			buildConfigurationList = 84FA79DF283D518000AB6B7B /* Build configuration list for PBXNativeTarget "ToDoOneUITests" */;
			buildPhases = (
				84FA79CB283D518000AB6B7B /* Sources */,
				84FA79CC283D518000AB6B7B /* Frameworks */,
				84FA79CD283D518000AB6B7B /* Resources */,
			);
			buildRules = (
			);
			dependencies = (
				84FA79D1283D518000AB6B7B /* PBXTargetDependency */,
			);
			name = ToDoOneUITests;
			productName = ToDoOneUITests;
			productReference = 84FA79CF283D518000AB6B7B /* ToDoOneUITests.xctest */;
			productType = "com.apple.product-type.bundle.ui-testing";
		};
/* End PBXNativeTarget section */

/* Begin PBXProject section */
		84FA79A8283D517800AB6B7B /* Project object */ = {
			isa = PBXProject;
			attributes = {
				BuildIndependentTargetsInParallel = 1;
				LastSwiftUpdateCheck = 1330;
				LastUpgradeCheck = 1330;
				TargetAttributes = {
					84FA79AF283D517800AB6B7B = {
						CreatedOnToolsVersion = 13.3;
					};
					84FA79C4283D518000AB6B7B = {
						CreatedOnToolsVersion = 13.3;
						TestTargetID = 84FA79AF283D517800AB6B7B;
					};
					84FA79CE283D518000AB6B7B = {
						CreatedOnToolsVersion = 13.3;
						TestTargetID = 84FA79AF283D517800AB6B7B;
					};
				};
			};
			buildConfigurationList = 84FA79AB283D517800AB6B7B /* Build configuration list for PBXProject "ToDoOne" */;
			compatibilityVersion = "Xcode 13.0";
			developmentRegion = en;
			hasScannedForEncodings = 0;
			knownRegions = (
				en,
				Base,
			);
			mainGroup = 84FA79A7283D517800AB6B7B;
			productRefGroup = 84FA79B1283D517800AB6B7B /* Products */;
			projectDirPath = "";
			projectRoot = "";
			targets = (
				84FA79AF283D517800AB6B7B /* ToDoOne */,
				84FA79C4283D518000AB6B7B /* ToDoOneTests */,
				84FA79CE283D518000AB6B7B /* ToDoOneUITests */,
			);
		};
/* End PBXProject section */

/* Begin PBXResourcesBuildPhase section */
		84FA79AE283D517800AB6B7B /* Resources */ = {
			isa = PBXResourcesBuildPhase;
			buildActionMask = 2147483647;
			files = (
				847FDA26283EC329000F18A6 /* LaunchScreen.storyboard in Resources */,
				84FA79BB283D517F00AB6B7B /* Preview Assets.xcassets in Resources */,
				84FA79B8283D517F00AB6B7B /* Assets.xcassets in Resources */,
			);
			runOnlyForDeploymentPostprocessing = 0;
		};
		84FA79C3283D518000AB6B7B /* Resources */ = {
			isa = PBXResourcesBuildPhase;
			buildActionMask = 2147483647;
			files = (
			);
			runOnlyForDeploymentPostprocessing = 0;
		};
		84FA79CD283D518000AB6B7B /* Resources */ = {
			isa = PBXResourcesBuildPhase;
			buildActionMask = 2147483647;
			files = (
			);
			runOnlyForDeploymentPostprocessing = 0;
		};
/* End PBXResourcesBuildPhase section */

/* Begin PBXSourcesBuildPhase section */
		84FA79AC283D517800AB6B7B /* Sources */ = {
			isa = PBXSourcesBuildPhase;
			buildActionMask = 2147483647;
			files = (
				84FA79C0283D517F00AB6B7B /* ToDoOne.xcdatamodeld in Sources */,
				84FA79BD283D517F00AB6B7B /* Persistence.swift in Sources */,
				84FA79ED283D560700AB6B7B /* AddItemView.swift in Sources */,
				84FA79E6283D524F00AB6B7B /* ListView.swift in Sources */,
				84FA79F3283D70E000AB6B7B /* NoItemsView.swift in Sources */,
				84FA79EF283D586E00AB6B7B /* Item.swift in Sources */,
				84FA79F1283D5C6900AB6B7B /* ListViewModel.swift in Sources */,
				84FA79B6283D517800AB6B7B /* ContentView.swift in Sources */,
				84FA79B4283D517800AB6B7B /* ToDoOneApp.swift in Sources */,
				84FA79EB283D544500AB6B7B /* ListRowView.swift in Sources */,
			);
			runOnlyForDeploymentPostprocessing = 0;
		};
		84FA79C1283D518000AB6B7B /* Sources */ = {
			isa = PBXSourcesBuildPhase;
			buildActionMask = 2147483647;
			files = (
				84FA79CA283D518000AB6B7B /* ToDoOneTests.swift in Sources */,
			);
			runOnlyForDeploymentPostprocessing = 0;
		};
		84FA79CB283D518000AB6B7B /* Sources */ = {
			isa = PBXSourcesBuildPhase;
			buildActionMask = 2147483647;
			files = (
				84FA79D4283D518000AB6B7B /* ToDoOneUITests.swift in Sources */,
				84FA79D6283D518000AB6B7B /* ToDoOneUITestsLaunchTests.swift in Sources */,
			);
			runOnlyForDeploymentPostprocessing = 0;
		};
/* End PBXSourcesBuildPhase section */

/* Begin PBXTargetDependency section */
		84FA79C7283D518000AB6B7B /* PBXTargetDependency */ = {
			isa = PBXTargetDependency;
			target = 84FA79AF283D517800AB6B7B /* ToDoOne */;
			targetProxy = 84FA79C6283D518000AB6B7B /* PBXContainerItemProxy */;
		};
		84FA79D1283D518000AB6B7B /* PBXTargetDependency */ = {
			isa = PBXTargetDependency;
			target = 84FA79AF283D517800AB6B7B /* ToDoOne */;
			targetProxy = 84FA79D0283D518000AB6B7B /* PBXContainerItemProxy */;
		};
/* End PBXTargetDependency section */

/* Begin XCBuildConfiguration section */
		84FA79D7283D518000AB6B7B /* Debug */ = {
			isa = XCBuildConfiguration;
			buildSettings = {
				ALWAYS_SEARCH_USER_PATHS = NO;
				CLANG_ANALYZER_NONNULL = YES;
				CLANG_ANALYZER_NUMBER_OBJECT_CONVERSION = YES_AGGRESSIVE;
				CLANG_CXX_LANGUAGE_STANDARD = "gnu++17";
				CLANG_ENABLE_MODULES = YES;
				CLANG_ENABLE_OBJC_ARC = YES;
				CLANG_ENABLE_OBJC_WEAK = YES;
				CLANG_WARN_BLOCK_CAPTURE_AUTORELEASING = YES;
				CLANG_WARN_BOOL_CONVERSION = YES;
				CLANG_WARN_COMMA = YES;
				CLANG_WARN_CONSTANT_CONVERSION = YES;
				CLANG_WARN_DEPRECATED_OBJC_IMPLEMENTATIONS = YES;
				CLANG_WARN_DIRECT_OBJC_ISA_USAGE = YES_ERROR;
				CLANG_WARN_DOCUMENTATION_COMMENTS = YES;
				CLANG_WARN_EMPTY_BODY = YES;
				CLANG_WARN_ENUM_CONVERSION = YES;
				CLANG_WARN_INFINITE_RECURSION = YES;
				CLANG_WARN_INT_CONVERSION = YES;
				CLANG_WARN_NON_LITERAL_NULL_CONVERSION = YES;
				CLANG_WARN_OBJC_IMPLICIT_RETAIN_SELF = YES;
				CLANG_WARN_OBJC_LITERAL_CONVERSION = YES;
				CLANG_WARN_OBJC_ROOT_CLASS = YES_ERROR;
				CLANG_WARN_QUOTED_INCLUDE_IN_FRAMEWORK_HEADER = YES;
				CLANG_WARN_RANGE_LOOP_ANALYSIS = YES;
				CLANG_WARN_STRICT_PROTOTYPES = YES;
				CLANG_WARN_SUSPICIOUS_MOVE = YES;
				CLANG_WARN_UNGUARDED_AVAILABILITY = YES_AGGRESSIVE;
				CLANG_WARN_UNREACHABLE_CODE = YES;
				CLANG_WARN__DUPLICATE_METHOD_MATCH = YES;
				COPY_PHASE_STRIP = NO;
				DEBUG_INFORMATION_FORMAT = dwarf;
				ENABLE_STRICT_OBJC_MSGSEND = YES;
				ENABLE_TESTABILITY = YES;
				GCC_C_LANGUAGE_STANDARD = gnu11;
				GCC_DYNAMIC_NO_PIC = NO;
				GCC_NO_COMMON_BLOCKS = YES;
				GCC_OPTIMIZATION_LEVEL = 0;
				GCC_PREPROCESSOR_DEFINITIONS = (
					"DEBUG=1",
					"$(inherited)",
				);
				GCC_WARN_64_TO_32_BIT_CONVERSION = YES;
				GCC_WARN_ABOUT_RETURN_TYPE = YES_ERROR;
				GCC_WARN_UNDECLARED_SELECTOR = YES;
				GCC_WARN_UNINITIALIZED_AUTOS = YES_AGGRESSIVE;
				GCC_WARN_UNUSED_FUNCTION = YES;
				GCC_WARN_UNUSED_VARIABLE = YES;
				IPHONEOS_DEPLOYMENT_TARGET = 15.4;
				MTL_ENABLE_DEBUG_INFO = INCLUDE_SOURCE;
				MTL_FAST_MATH = YES;
				ONLY_ACTIVE_ARCH = YES;
				SDKROOT = iphoneos;
				SWIFT_ACTIVE_COMPILATION_CONDITIONS = DEBUG;
				SWIFT_OPTIMIZATION_LEVEL = "-Onone";
			};
			name = Debug;
		};
		84FA79D8283D518000AB6B7B /* Release */ = {
			isa = XCBuildConfiguration;
			buildSettings = {
				ALWAYS_SEARCH_USER_PATHS = NO;
				CLANG_ANALYZER_NONNULL = YES;
				CLANG_ANALYZER_NUMBER_OBJECT_CONVERSION = YES_AGGRESSIVE;
				CLANG_CXX_LANGUAGE_STANDARD = "gnu++17";
				CLANG_ENABLE_MODULES = YES;
				CLANG_ENABLE_OBJC_ARC = YES;
				CLANG_ENABLE_OBJC_WEAK = YES;
				CLANG_WARN_BLOCK_CAPTURE_AUTORELEASING = YES;
				CLANG_WARN_BOOL_CONVERSION = YES;
				CLANG_WARN_COMMA = YES;
				CLANG_WARN_CONSTANT_CONVERSION = YES;
				CLANG_WARN_DEPRECATED_OBJC_IMPLEMENTATIONS = YES;
				CLANG_WARN_DIRECT_OBJC_ISA_USAGE = YES_ERROR;
				CLANG_WARN_DOCUMENTATION_COMMENTS = YES;
				CLANG_WARN_EMPTY_BODY = YES;
				CLANG_WARN_ENUM_CONVERSION = YES;
				CLANG_WARN_INFINITE_RECURSION = YES;
				CLANG_WARN_INT_CONVERSION = YES;
				CLANG_WARN_NON_LITERAL_NULL_CONVERSION = YES;
				CLANG_WARN_OBJC_IMPLICIT_RETAIN_SELF = YES;
				CLANG_WARN_OBJC_LITERAL_CONVERSION = YES;
				CLANG_WARN_OBJC_ROOT_CLASS = YES_ERROR;
				CLANG_WARN_QUOTED_INCLUDE_IN_FRAMEWORK_HEADER = YES;
				CLANG_WARN_RANGE_LOOP_ANALYSIS = YES;
				CLANG_WARN_STRICT_PROTOTYPES = YES;
				CLANG_WARN_SUSPICIOUS_MOVE = YES;
				CLANG_WARN_UNGUARDED_AVAILABILITY = YES_AGGRESSIVE;
				CLANG_WARN_UNREACHABLE_CODE = YES;
				CLANG_WARN__DUPLICATE_METHOD_MATCH = YES;
				COPY_PHASE_STRIP = NO;
				DEBUG_INFORMATION_FORMAT = "dwarf-with-dsym";
				ENABLE_NS_ASSERTIONS = NO;
				ENABLE_STRICT_OBJC_MSGSEND = YES;
				GCC_C_LANGUAGE_STANDARD = gnu11;
				GCC_NO_COMMON_BLOCKS = YES;
				GCC_WARN_64_TO_32_BIT_CONVERSION = YES;
				GCC_WARN_ABOUT_RETURN_TYPE = YES_ERROR;
				GCC_WARN_UNDECLARED_SELECTOR = YES;
				GCC_WARN_UNINITIALIZED_AUTOS = YES_AGGRESSIVE;
				GCC_WARN_UNUSED_FUNCTION = YES;
				GCC_WARN_UNUSED_VARIABLE = YES;
				IPHONEOS_DEPLOYMENT_TARGET = 15.4;
				MTL_ENABLE_DEBUG_INFO = NO;
				MTL_FAST_MATH = YES;
				SDKROOT = iphoneos;
				SWIFT_COMPILATION_MODE = wholemodule;
				SWIFT_OPTIMIZATION_LEVEL = "-O";
				VALIDATE_PRODUCT = YES;
			};
			name = Release;
		};
		84FA79DA283D518000AB6B7B /* Debug */ = {
			isa = XCBuildConfiguration;
			buildSettings = {
				ASSETCATALOG_COMPILER_APPICON_NAME = AppIcon;
				ASSETCATALOG_COMPILER_GLOBAL_ACCENT_COLOR_NAME = AccentColor;
				CODE_SIGN_STYLE = Automatic;
				CURRENT_PROJECT_VERSION = 1;
				DEVELOPMENT_ASSET_PATHS = "\"ToDoOne/Preview Content\"";
				ENABLE_PREVIEWS = YES;
				GENERATE_INFOPLIST_FILE = YES;
				INFOPLIST_KEY_UIApplicationSceneManifest_Generation = YES;
				INFOPLIST_KEY_UIApplicationSupportsIndirectInputEvents = YES;
				INFOPLIST_KEY_UILaunchScreen_Generation = YES;
				INFOPLIST_KEY_UILaunchStoryboardName = LaunchScreen;
				INFOPLIST_KEY_UISupportedInterfaceOrientations_iPad = "UIInterfaceOrientationPortrait UIInterfaceOrientationPortraitUpsideDown UIInterfaceOrientationLandscapeLeft UIInterfaceOrientationLandscapeRight";
				INFOPLIST_KEY_UISupportedInterfaceOrientations_iPhone = "UIInterfaceOrientationPortrait UIInterfaceOrientationLandscapeLeft UIInterfaceOrientationLandscapeRight";
				LD_RUNPATH_SEARCH_PATHS = (
					"$(inherited)",
					"@executable_path/Frameworks",
				);
				MARKETING_VERSION = 1.0;
				PRODUCT_BUNDLE_IDENTIFIER = com.okelloayai.ToDoOne;
				PRODUCT_NAME = Do;
				SWIFT_EMIT_LOC_STRINGS = YES;
				SWIFT_VERSION = 5.0;
				TARGETED_DEVICE_FAMILY = "1,2";
			};
			name = Debug;
		};
		84FA79DB283D518000AB6B7B /* Release */ = {
			isa = XCBuildConfiguration;
			buildSettings = {
				ASSETCATALOG_COMPILER_APPICON_NAME = AppIcon;
				ASSETCATALOG_COMPILER_GLOBAL_ACCENT_COLOR_NAME = AccentColor;
				CODE_SIGN_STYLE = Automatic;
				CURRENT_PROJECT_VERSION = 1;
				DEVELOPMENT_ASSET_PATHS = "\"ToDoOne/Preview Content\"";
				ENABLE_PREVIEWS = YES;
				GENERATE_INFOPLIST_FILE = YES;
				INFOPLIST_KEY_UIApplicationSceneManifest_Generation = YES;
				INFOPLIST_KEY_UIApplicationSupportsIndirectInputEvents = YES;
				INFOPLIST_KEY_UILaunchScreen_Generation = YES;
				INFOPLIST_KEY_UILaunchStoryboardName = LaunchScreen;
				INFOPLIST_KEY_UISupportedInterfaceOrientations_iPad = "UIInterfaceOrientationPortrait UIInterfaceOrientationPortraitUpsideDown UIInterfaceOrientationLandscapeLeft UIInterfaceOrientationLandscapeRight";
				INFOPLIST_KEY_UISupportedInterfaceOrientations_iPhone = "UIInterfaceOrientationPortrait UIInterfaceOrientationLandscapeLeft UIInterfaceOrientationLandscapeRight";
				LD_RUNPATH_SEARCH_PATHS = (
					"$(inherited)",
					"@executable_path/Frameworks",
				);
				MARKETING_VERSION = 1.0;
				PRODUCT_BUNDLE_IDENTIFIER = com.okelloayai.ToDoOne;
				PRODUCT_NAME = Do;
				SWIFT_EMIT_LOC_STRINGS = YES;
				SWIFT_VERSION = 5.0;
				TARGETED_DEVICE_FAMILY = "1,2";
			};
			name = Release;
		};
		84FA79DD283D518000AB6B7B /* Debug */ = {
			isa = XCBuildConfiguration;
			buildSettings = {
				ALWAYS_EMBED_SWIFT_STANDARD_LIBRARIES = YES;
				BUNDLE_LOADER = "$(TEST_HOST)";
				CODE_SIGN_STYLE = Automatic;
				CURRENT_PROJECT_VERSION = 1;
				GENERATE_INFOPLIST_FILE = YES;
				IPHONEOS_DEPLOYMENT_TARGET = 15.4;
				MARKETING_VERSION = 1.0;
				PRODUCT_BUNDLE_IDENTIFIER = com.okelloayai.ToDoOneTests;
				PRODUCT_NAME = "$(TARGET_NAME)";
				SWIFT_EMIT_LOC_STRINGS = NO;
				SWIFT_VERSION = 5.0;
				TARGETED_DEVICE_FAMILY = "1,2";
				TEST_HOST = "$(BUILT_PRODUCTS_DIR)/ToDoOne.app/ToDoOne";
			};
			name = Debug;
		};
		84FA79DE283D518000AB6B7B /* Release */ = {
			isa = XCBuildConfiguration;
			buildSettings = {
				ALWAYS_EMBED_SWIFT_STANDARD_LIBRARIES = YES;
				BUNDLE_LOADER = "$(TEST_HOST)";
				CODE_SIGN_STYLE = Automatic;
				CURRENT_PROJECT_VERSION = 1;
				GENERATE_INFOPLIST_FILE = YES;
				IPHONEOS_DEPLOYMENT_TARGET = 15.4;
				MARKETING_VERSION = 1.0;
				PRODUCT_BUNDLE_IDENTIFIER = com.okelloayai.ToDoOneTests;
				PRODUCT_NAME = "$(TARGET_NAME)";
				SWIFT_EMIT_LOC_STRINGS = NO;
				SWIFT_VERSION = 5.0;
				TARGETED_DEVICE_FAMILY = "1,2";
				TEST_HOST = "$(BUILT_PRODUCTS_DIR)/ToDoOne.app/ToDoOne";
			};
			name = Release;
		};
		84FA79E0283D518000AB6B7B /* Debug */ = {
			isa = XCBuildConfiguration;
			buildSettings = {
				ALWAYS_EMBED_SWIFT_STANDARD_LIBRARIES = YES;
				CODE_SIGN_STYLE = Automatic;
				CURRENT_PROJECT_VERSION = 1;
				GENERATE_INFOPLIST_FILE = YES;
				MARKETING_VERSION = 1.0;
				PRODUCT_BUNDLE_IDENTIFIER = com.okelloayai.ToDoOneUITests;
				PRODUCT_NAME = "$(TARGET_NAME)";
				SWIFT_EMIT_LOC_STRINGS = NO;
				SWIFT_VERSION = 5.0;
				TARGETED_DEVICE_FAMILY = "1,2";
				TEST_TARGET_NAME = ToDoOne;
			};
			name = Debug;
		};
		84FA79E1283D518000AB6B7B /* Release */ = {
			isa = XCBuildConfiguration;
			buildSettings = {
				ALWAYS_EMBED_SWIFT_STANDARD_LIBRARIES = YES;
				CODE_SIGN_STYLE = Automatic;
				CURRENT_PROJECT_VERSION = 1;
				GENERATE_INFOPLIST_FILE = YES;
				MARKETING_VERSION = 1.0;
				PRODUCT_BUNDLE_IDENTIFIER = com.okelloayai.ToDoOneUITests;
				PRODUCT_NAME = "$(TARGET_NAME)";
				SWIFT_EMIT_LOC_STRINGS = NO;
				SWIFT_VERSION = 5.0;
				TARGETED_DEVICE_FAMILY = "1,2";
				TEST_TARGET_NAME = ToDoOne;
			};
			name = Release;
		};
/* End XCBuildConfiguration section */

/* Begin XCConfigurationList section */
		84FA79AB283D517800AB6B7B /* Build configuration list for PBXProject "ToDoOne" */ = {
			isa = XCConfigurationList;
			buildConfigurations = (
				84FA79D7283D518000AB6B7B /* Debug */,
				84FA79D8283D518000AB6B7B /* Release */,
			);
			defaultConfigurationIsVisible = 0;
			defaultConfigurationName = Release;
		};
		84FA79D9283D518000AB6B7B /* Build configuration list for PBXNativeTarget "ToDoOne" */ = {
			isa = XCConfigurationList;
			buildConfigurations = (
				84FA79DA283D518000AB6B7B /* Debug */,
				84FA79DB283D518000AB6B7B /* Release */,
			);
			defaultConfigurationIsVisible = 0;
			defaultConfigurationName = Release;
		};
		84FA79DC283D518000AB6B7B /* Build configuration list for PBXNativeTarget "ToDoOneTests" */ = {
			isa = XCConfigurationList;
			buildConfigurations = (
				84FA79DD283D518000AB6B7B /* Debug */,
				84FA79DE283D518000AB6B7B /* Release */,
			);
			defaultConfigurationIsVisible = 0;
			defaultConfigurationName = Release;
		};
		84FA79DF283D518000AB6B7B /* Build configuration list for PBXNativeTarget "ToDoOneUITests" */ = {
			isa = XCConfigurationList;
			buildConfigurations = (
				84FA79E0283D518000AB6B7B /* Debug */,
				84FA79E1283D518000AB6B7B /* Release */,
			);
			defaultConfigurationIsVisible = 0;
			defaultConfigurationName = Release;
		};
/* End XCConfigurationList section */

/* Begin XCVersionGroup section */
		84FA79BE283D517F00AB6B7B /* ToDoOne.xcdatamodeld */ = {
			isa = XCVersionGroup;
			children = (
				84FA79BF283D517F00AB6B7B /* ToDoOne.xcdatamodel */,
			);
			currentVersion = 84FA79BF283D517F00AB6B7B /* ToDoOne.xcdatamodel */;
			path = ToDoOne.xcdatamodeld;
			sourceTree = "<group>";
			versionGroupType = wrapper.xcdatamodel;
		};
/* End XCVersionGroup section */
	};
	rootObject = 84FA79A8283D517800AB6B7B /* Project object */;
}
